// !$*UTF8*$!
{
	archiveVersion = 1;
	classes = {
	};
	objectVersion = 46;
	objects = {

/* Begin PBXBuildFile section */
		4DD64DBA1D1378A70089C362 /* main.m in Sources */ = {isa = PBXBuildFile; fileRef = 4DD64DB91D1378A70089C362 /* main.m */; };
		4DD64DBD1D1378A70089C362 /* AppDelegate.m in Sources */ = {isa = PBXBuildFile; fileRef = 4DD64DBC1D1378A70089C362 /* AppDelegate.m */; };
		4DD64DC01D1378A70089C362 /* ViewController.m in Sources */ = {isa = PBXBuildFile; fileRef = 4DD64DBF1D1378A70089C362 /* ViewController.m */; };
		4DD64DC31D1378A70089C362 /* Main.storyboard in Resources */ = {isa = PBXBuildFile; fileRef = 4DD64DC11D1378A70089C362 /* Main.storyboard */; };
		4DD64DC51D1378A70089C362 /* Assets.xcassets in Resources */ = {isa = PBXBuildFile; fileRef = 4DD64DC41D1378A70089C362 /* Assets.xcassets */; };
		4DD64DC81D1378A70089C362 /* LaunchScreen.storyboard in Resources */ = {isa = PBXBuildFile; fileRef = 4DD64DC61D1378A70089C362 /* LaunchScreen.storyboard */; };
		4DD64DD21D1379170089C362 /* JJTextView.m in Sources */ = {isa = PBXBuildFile; fileRef = 4DD64DD11D1379170089C362 /* JJTextView.m */; };
/* End PBXBuildFile section */

/* Begin PBXFileReference section */
		4DD64DB51D1378A70089C362 /* BaseTextView.app */ = {isa = PBXFileReference; explicitFileType = wrapper.application; includeInIndex = 0; path = BaseTextView.app; sourceTree = BUILT_PRODUCTS_DIR; };
		4DD64DB91D1378A70089C362 /* main.m */ = {isa = PBXFileReference; lastKnownFileType = sourcecode.c.objc; path = main.m; sourceTree = "<group>"; };
		4DD64DBB1D1378A70089C362 /* AppDelegate.h */ = {isa = PBXFileReference; lastKnownFileType = sourcecode.c.h; path = AppDelegate.h; sourceTree = "<group>"; };
		4DD64DBC1D1378A70089C362 /* AppDelegate.m */ = {isa = PBXFileReference; lastKnownFileType = sourcecode.c.objc; path = AppDelegate.m; sourceTree = "<group>"; };
		4DD64DBE1D1378A70089C362 /* ViewController.h */ = {isa = PBXFileReference; lastKnownFileType = sourcecode.c.h; path = ViewController.h; sourceTree = "<group>"; };
		4DD64DBF1D1378A70089C362 /* ViewController.m */ = {isa = PBXFileReference; lastKnownFileType = sourcecode.c.objc; path = ViewController.m; sourceTree = "<group>"; };
		4DD64DC21D1378A70089C362 /* Base */ = {isa = PBXFileReference; lastKnownFileType = file.storyboard; name = Base; path = Base.lproj/Main.storyboard; sourceTree = "<group>"; };
		4DD64DC41D1378A70089C362 /* Assets.xcassets */ = {isa = PBXFileReference; lastKnownFileType = folder.assetcatalog; path = Assets.xcassets; sourceTree = "<group>"; };
		4DD64DC71D1378A70089C362 /* Base */ = {isa = PBXFileReference; lastKnownFileType = file.storyboard; name = Base; path = Base.lproj/LaunchScreen.storyboard; sourceTree = "<group>"; };
		4DD64DC91D1378A70089C362 /* Info.plist */ = {isa = PBXFileReference; lastKnownFileType = text.plist.xml; path = Info.plist; sourceTree = "<group>"; };
		4DD64DD01D1379170089C362 /* JJTextView.h */ = {isa = PBXFileReference; fileEncoding = 4; lastKnownFileType = sourcecode.c.h; path = JJTextView.h; sourceTree = "<group>"; };
		4DD64DD11D1379170089C362 /* JJTextView.m */ = {isa = PBXFileReference; fileEncoding = 4; lastKnownFileType = sourcecode.c.objc; path = JJTextView.m; sourceTree = "<group>"; };
/* End PBXFileReference section */

/* Begin PBXFrameworksBuildPhase section */
		4DD64DB21D1378A70089C362 /* Frameworks */ = {
			isa = PBXFrameworksBuildPhase;
			buildActionMask = 2147483647;
			files = (
			);
			runOnlyForDeploymentPostprocessing = 0;
		};
/* End PBXFrameworksBuildPhase section */

/* Begin PBXGroup section */
		4DD64DAC1D1378A70089C362 = {
			isa = PBXGroup;
			children = (
				4DD64DB71D1378A70089C362 /* BaseTextView */,
				4DD64DB61D1378A70089C362 /* Products */,
			);
			sourceTree = "<group>";
		};
		4DD64DB61D1378A70089C362 /* Products */ = {
			isa = PBXGroup;
			children = (
				4DD64DB51D1378A70089C362 /* BaseTextView.app */,
			);
			name = Products;
			sourceTree = "<group>";
		};
		4DD64DB71D1378A70089C362 /* BaseTextView */ = {
			isa = PBXGroup;
			children = (
				4DD64DCF1D1378DD0089C362 /* JJTextView */,
				4DD64DBB1D1378A70089C362 /* AppDelegate.h */,
				4DD64DBC1D1378A70089C362 /* AppDelegate.m */,
				4DD64DBE1D1378A70089C362 /* ViewController.h */,
				4DD64DBF1D1378A70089C362 /* ViewController.m */,
				4DD64DC11D1378A70089C362 /* Main.storyboard */,
				4DD64DC41D1378A70089C362 /* Assets.xcassets */,
				4DD64DC61D1378A70089C362 /* LaunchScreen.storyboard */,
				4DD64DC91D1378A70089C362 /* Info.plist */,
				4DD64DB81D1378A70089C362 /* Supporting Files */,
			);
			path = BaseTextView;
			sourceTree = "<group>";
		};
		4DD64DB81D1378A70089C362 /* Supporting Files */ = {
			isa = PBXGroup;
			children = (
				4DD64DB91D1378A70089C362 /* main.m */,
			);
			name = "Supporting Files";
			sourceTree = "<group>";
		};
		4DD64DCF1D1378DD0089C362 /* JJTextView */ = {
			isa = PBXGroup;
			children = (
				4DD64DD01D1379170089C362 /* JJTextView.h */,
				4DD64DD11D1379170089C362 /* JJTextView.m */,
			);
			path = JJTextView;
			sourceTree = "<group>";
		};
/* End PBXGroup section */

/* Begin PBXNativeTarget section */
		4DD64DB41D1378A70089C362 /* BaseTextView */ = {
			isa = PBXNativeTarget;
			buildConfigurationList = 4DD64DCC1D1378A70089C362 /* Build configuration list for PBXNativeTarget "BaseTextView" */;
			buildPhases = (
				4DD64DB11D1378A70089C362 /* Sources */,
				4DD64DB21D1378A70089C362 /* Frameworks */,
				4DD64DB31D1378A70089C362 /* Resources */,
			);
			buildRules = (
			);
			dependencies = (
			);
			name = BaseTextView;
			productName = BaseTextView;
			productReference = 4DD64DB51D1378A70089C362 /* BaseTextView.app */;
			productType = "com.apple.product-type.application";
		};
/* End PBXNativeTarget section */

/* Begin PBXProject section */
		4DD64DAD1D1378A70089C362 /* Project object */ = {
			isa = PBXProject;
			attributes = {
				LastUpgradeCheck = 0730;
				ORGANIZATIONNAME = XiaoHaoJin;
				TargetAttributes = {
					4DD64DB41D1378A70089C362 = {
						CreatedOnToolsVersion = 7.3;
					};
				};
			};
			buildConfigurationList = 4DD64DB01D1378A70089C362 /* Build configuration list for PBXProject "BaseTextView" */;
			compatibilityVersion = "Xcode 3.2";
			developmentRegion = English;
			hasScannedForEncodings = 0;
			knownRegions = (
				en,
				Base,
			);
			mainGroup = 4DD64DAC1D1378A70089C362;
			productRefGroup = 4DD64DB61D1378A70089C362 /* Products */;
			projectDirPath = "";
			projectRoot = "";
			targets = (
				4DD64DB41D1378A70089C362 /* BaseTextView */,
			);
		};
/* End PBXProject section */

/* Begin PBXResourcesBuildPhase section */
		4DD64DB31D1378A70089C362 /* Resources */ = {
			isa = PBXResourcesBuildPhase;
			buildActionMask = 2147483647;
			files = (
				4DD64DC81D1378A70089C362 /* LaunchScreen.storyboard in Resources */,
				4DD64DC51D1378A70089C362 /* Assets.xcassets in Resources */,
				4DD64DC31D1378A70089C362 /* Main.storyboard in Resources */,
			);
			runOnlyForDeploymentPostprocessing = 0;
		};
/* End PBXResourcesBuildPhase section */

/* Begin PBXSourcesBuildPhase section */
		4DD64DB11D1378A70089C362 /* Sources */ = {
			isa = PBXSourcesBuildPhase;
			buildActionMask = 2147483647;
			files = (
				4DD64DC01D1378A70089C362 /* ViewController.m in Sources */,
				4DD64DBD1D1378A70089C362 /* AppDelegate.m in Sources */,
				4DD64DBA1D1378A70089C362 /* main.m in Sources */,
				4DD64DD21D1379170089C362 /* JJTextView.m in Sources */,
			);
			runOnlyForDeploymentPostprocessing = 0;
		};
/* End PBXSourcesBuildPhase section */

/* Begin PBXVariantGroup section */
		4DD64DC11D1378A70089C362 /* Main.storyboard */ = {
			isa = PBXVariantGroup;
			children = (
				4DD64DC21D1378A70089C362 /* Base */,
			);
			name = Main.storyboard;
			sourceTree = "<group>";
		};
		4DD64DC61D1378A70089C362 /* LaunchScreen.storyboard */ = {
			isa = PBXVariantGroup;
			children = (
				4DD64DC71D1378A70089C362 /* Base */,
			);
			name = LaunchScreen.storyboard;
			sourceTree = "<group>";
		};
/* End PBXVariantGroup section */

/* Begin XCBuildConfiguration section */
		4DD64DCA1D1378A70089C362 /* Debug */ = {
			isa = XCBuildConfiguration;
			buildSettings = {
				ALWAYS_SEARCH_USER_PATHS = NO;
				CLANG_ANALYZER_NONNULL = YES;
				CLANG_CXX_LANGUAGE_STANDARD = "gnu++0x";
				CLANG_CXX_LIBRARY = "libc++";
				CLANG_ENABLE_MODULES = YES;
				CLANG_ENABLE_OBJC_ARC = YES;
				CLANG_WARN_BOOL_CONVERSION = YES;
				CLANG_WARN_CONSTANT_CONVERSION = YES;
				CLANG_WARN_DIRECT_OBJC_ISA_USAGE = YES_ERROR;
				CLANG_WARN_EMPTY_BODY = YES;
				CLANG_WARN_ENUM_CONVERSION = YES;
				CLANG_WARN_INT_CONVERSION = YES;
				CLANG_WARN_OBJC_ROOT_CLASS = YES_ERROR;
				CLANG_WARN_UNREACHABLE_CODE = YES;
				CLANG_WARN__DUPLICATE_METHOD_MATCH = YES;
				"CODE_SIGN_IDENTITY[sdk=iphoneos*]" = "iPhone Developer";
				COPY_PHASE_STRIP = NO;
				DEBUG_INFORMATION_FORMAT = dwarf;
				ENABLE_STRICT_OBJC_MSGSEND = YES;
				ENABLE_TESTABILITY = YES;
				GCC_C_LANGUAGE_STANDARD = gnu99;
				GCC_DYNAMIC_NO_PIC = NO;
				GCC_NO_COMMON_BLOCKS = YES;
				GCC_OPTIMIZATION_LEVEL = 0;
				GCC_PREPROCESSOR_DEFINITIONS = (
					"DEBUG=1",
					"$(inherited)",
				);
				GCC_WARN_64_TO_32_BIT_CONVERSION = YES;
				GCC_WARN_ABOUT_RETURN_TYPE = YES_ERROR;
				GCC_WARN_UNDECLARED_SELECTOR = YES;
				GCC_WARN_UNINITIALIZED_AUTOS = YES_AGGRESSIVE;
				GCC_WARN_UNUSED_FUNCTION = YES;
				GCC_WARN_UNUSED_VARIABLE = YES;
				IPHONEOS_DEPLOYMENT_TARGET = 9.3;
				MTL_ENABLE_DEBUG_INFO = YES;
				ONLY_ACTIVE_ARCH = YES;
				SDKROOT = iphoneos;
			};
			name = Debug;
		};
		4DD64DCB1D1378A70089C362 /* Release */ = {
			isa = XCBuildConfiguration;
			buildSettings = {
				ALWAYS_SEARCH_USER_PATHS = NO;
				CLANG_ANALYZER_NONNULL = YES;
				CLANG_CXX_LANGUAGE_STANDARD = "gnu++0x";
				CLANG_CXX_LIBRARY = "libc++";
				CLANG_ENABLE_MODULES = YES;
				CLANG_ENABLE_OBJC_ARC = YES;
				CLANG_WARN_BOOL_CONVERSION = YES;
				CLANG_WARN_CONSTANT_CONVERSION = YES;
				CLANG_WARN_DIRECT_OBJC_ISA_USAGE = YES_ERROR;
				CLANG_WARN_EMPTY_BODY = YES;
				CLANG_WARN_ENUM_CONVERSION = YES;
				CLANG_WARN_INT_CONVERSION = YES;
				CLANG_WARN_OBJC_ROOT_CLASS = YES_ERROR;
				CLANG_WARN_UNREACHABLE_CODE = YES;
				CLANG_WARN__DUPLICATE_METHOD_MATCH = YES;
				"CODE_SIGN_IDENTITY[sdk=iphoneos*]" = "iPhone Developer";
				COPY_PHASE_STRIP = NO;
				DEBUG_INFORMATION_FORMAT = "dwarf-with-dsym";
				ENABLE_NS_ASSERTIONS = NO;
				ENABLE_STRICT_OBJC_MSGSEND = YES;
				GCC_C_LANGUAGE_STANDARD = gnu99;
				GCC_NO_COMMON_BLOCKS = YES;
				GCC_WARN_64_TO_32_BIT_CONVERSION = YES;
				GCC_WARN_ABOUT_RETURN_TYPE = YES_ERROR;
				GCC_WARN_UNDECLARED_SELECTOR = YES;
				GCC_WARN_UNINITIALIZED_AUTOS = YES_AGGRESSIVE;
				GCC_WARN_UNUSED_FUNCTION = YES;
				GCC_WARN_UNUSED_VARIABLE = YES;
				IPHONEOS_DEPLOYMENT_TARGET = 9.3;
				MTL_ENABLE_DEBUG_INFO = NO;
				SDKROOT = iphoneos;
				VALIDATE_PRODUCT = YES;
			};
			name = Release;
		};
		4DD64DCD1D1378A70089C362 /* Debug */ = {
			isa = XCBuildConfiguration;
			buildSettings = {
				ASSETCATALOG_COMPILER_APPICON_NAME = AppIcon;
				INFOPLIST_FILE = BaseTextView/Info.plist;
				LD_RUNPATH_SEARCH_PATHS = "$(inherited) @executable_path/Frameworks";
				PRODUCT_BUNDLE_IDENTIFIER = com.xiaohaojin.BaseTextView;
				PRODUCT_NAME = "$(TARGET_NAME)";
			};
			name = Debug;
		};
		4DD64DCE1D1378A70089C362 /* Release */ = {
			isa = XCBuildConfiguration;
			buildSettings = {
				ASSETCATALOG_COMPILER_APPICON_NAME = AppIcon;
				INFOPLIST_FILE = BaseTextView/Info.plist;
				LD_RUNPATH_SEARCH_PATHS = "$(inherited) @executable_path/Frameworks";
				PRODUCT_BUNDLE_IDENTIFIER = com.xiaohaojin.BaseTextView;
				PRODUCT_NAME = "$(TARGET_NAME)";
			};
			name = Release;
		};
/* End XCBuildConfiguration section */

/* Begin XCConfigurationList section */
		4DD64DB01D1378A70089C362 /* Build configuration list for PBXProject "BaseTextView" */ = {
			isa = XCConfigurationList;
			buildConfigurations = (
				4DD64DCA1D1378A70089C362 /* Debug */,
				4DD64DCB1D1378A70089C362 /* Release */,
			);
			defaultConfigurationIsVisible = 0;
			defaultConfigurationName = Release;
		};
		4DD64DCC1D1378A70089C362 /* Build configuration list for PBXNativeTarget "BaseTextView" */ = {
			isa = XCConfigurationList;
			buildConfigurations = (
				4DD64DCD1D1378A70089C362 /* Debug */,
				4DD64DCE1D1378A70089C362 /* Release */,
			);
			defaultConfigurationIsVisible = 0;
		};
/* End XCConfigurationList section */
	};
	rootObject = 4DD64DAD1D1378A70089C362 /* Project object */;
}
